
Microsoft Visual Studio Solution File, Format Version 11.00
# Visual Studio 2010
Project("{F2A71F9B-5D33-465A-A702-920D77279786}") = "Tarea0", "ConsoleApplication3\Tarea0.fsproj", "{6460133C-0C36-403B-B60E-A82C78ED2A82}"
EndProject
Global
	GlobalSection(SolutionConfigurationPlatforms) = preSolution
		Debug|x86 = Debug|x86
		Release|x86 = Release|x86
	EndGlobalSection
	GlobalSection(ProjectConfigurationPlatforms) = postSolution
		{6460133C-0C36-403B-B60E-A82C78ED2A82}.Debug|x86.ActiveCfg = Debug|x86
		{6460133C-0C36-403B-B60E-A82C78ED2A82}.Debug|x86.Build.0 = Debug|x86
		{6460133C-0C36-403B-B60E-A82C78ED2A82}.Release|x86.ActiveCfg = Release|x86
		{6460133C-0C36-403B-B60E-A82C78ED2A82}.Release|x86.Build.0 = Release|x86
	EndGlobalSection
	GlobalSection(SolutionProperties) = preSolution
		HideSolutionNode = FALSE
	EndGlobalSection
EndGlobal
